// !$*UTF8*$!
{
	archiveVersion = 1;
	classes = {
	};
	objectVersion = 56;
	objects = {

/* Begin PBXBuildFile section */
		9224B37E2AFE9038009D8340 /* InputField.swift in Sources */ = {isa = PBXBuildFile; fileRef = 9224B37D2AFE9038009D8340 /* InputField.swift */; };
		9224B3832AFEA355009D8340 /* CreateAccountView.swift in Sources */ = {isa = PBXBuildFile; fileRef = 9224B3822AFEA355009D8340 /* CreateAccountView.swift */; };
		9224B3862AFEA977009D8340 /* UserAuthenticationState.swift in Sources */ = {isa = PBXBuildFile; fileRef = 9224B3852AFEA977009D8340 /* UserAuthenticationState.swift */; };
		9236D1922B23877F002AD77C /* JournalViewModel.swift in Sources */ = {isa = PBXBuildFile; fileRef = 9236D1912B23877F002AD77C /* JournalViewModel.swift */; };
		926654542B237C53001F624B /* JournalModel.swift in Sources */ = {isa = PBXBuildFile; fileRef = 926654532B237C53001F624B /* JournalModel.swift */; };
		92683D912AF97DB800BEF279 /* HomeView.swift in Sources */ = {isa = PBXBuildFile; fileRef = 92683D902AF97DB800BEF279 /* HomeView.swift */; };
		92683D932AF9906300BEF279 /* AuthenticationView.swift in Sources */ = {isa = PBXBuildFile; fileRef = 92683D922AF9906300BEF279 /* AuthenticationView.swift */; };
		92683D962AF999F900BEF279 /* HashableUIImage.swift in Sources */ = {isa = PBXBuildFile; fileRef = 92683D952AF999F900BEF279 /* HashableUIImage.swift */; };
		9286BF8C2AF964DE005EB5EB /* SmartJournalApp.swift in Sources */ = {isa = PBXBuildFile; fileRef = 9286BF8B2AF964DE005EB5EB /* SmartJournalApp.swift */; };
		9286BF902AF964E1005EB5EB /* Assets.xcassets in Resources */ = {isa = PBXBuildFile; fileRef = 9286BF8F2AF964E1005EB5EB /* Assets.xcassets */; };
		9286BF932AF964E1005EB5EB /* Preview Assets.xcassets in Resources */ = {isa = PBXBuildFile; fileRef = 9286BF922AF964E1005EB5EB /* Preview Assets.xcassets */; };
		9286BF9D2AF964E2005EB5EB /* SmartJournalTests.swift in Sources */ = {isa = PBXBuildFile; fileRef = 9286BF9C2AF964E2005EB5EB /* SmartJournalTests.swift */; };
		9286BFA72AF964E2005EB5EB /* SmartJournalUITests.swift in Sources */ = {isa = PBXBuildFile; fileRef = 9286BFA62AF964E2005EB5EB /* SmartJournalUITests.swift */; };
		9286BFA92AF964E2005EB5EB /* SmartJournalUITestsLaunchTests.swift in Sources */ = {isa = PBXBuildFile; fileRef = 9286BFA82AF964E2005EB5EB /* SmartJournalUITestsLaunchTests.swift */; };
		9286BFBE2AF967D4005EB5EB /* PostView.swift in Sources */ = {isa = PBXBuildFile; fileRef = 9286BFBD2AF967D4005EB5EB /* PostView.swift */; };
		9286BFC22AF97524005EB5EB /* ImageCarousel.swift in Sources */ = {isa = PBXBuildFile; fileRef = 9286BFC12AF97524005EB5EB /* ImageCarousel.swift */; };
		92D6F9932B0546DB00C7CE0E /* EditJournalView.swift in Sources */ = {isa = PBXBuildFile; fileRef = 92D6F9922B0546DB00C7CE0E /* EditJournalView.swift */; };
		92D6F9962B05643600C7CE0E /* MultiplePhotoPickerViewModel.swift in Sources */ = {isa = PBXBuildFile; fileRef = 92D6F9952B05643600C7CE0E /* MultiplePhotoPickerViewModel.swift */; };
		92D6F9982B0587E900C7CE0E /* SinglePhotoPickerViewModel.swift in Sources */ = {isa = PBXBuildFile; fileRef = 92D6F9972B0587E900C7CE0E /* SinglePhotoPickerViewModel.swift */; };
		96026F6F2AFCC03D0017A391 /* CustomText.swift in Sources */ = {isa = PBXBuildFile; fileRef = 96026F6E2AFCC03D0017A391 /* CustomText.swift */; };
		96026F722AFCC0B40017A391 /* ActionButton.swift in Sources */ = {isa = PBXBuildFile; fileRef = 96026F712AFCC0B40017A391 /* ActionButton.swift */; };
		9610676D2B0487C700B0714D /* EditProfile.swift in Sources */ = {isa = PBXBuildFile; fileRef = 9610676C2B0487C700B0714D /* EditProfile.swift */; };
		961067702B054DFD00B0714D /* LeftIconButton.swift in Sources */ = {isa = PBXBuildFile; fileRef = 9610676F2B054DFD00B0714D /* LeftIconButton.swift */; };
		961067722B055C2000B0714D /* LabelsForTextFields.swift in Sources */ = {isa = PBXBuildFile; fileRef = 961067712B055C2000B0714D /* LabelsForTextFields.swift */; };
		961620592B1EC84400249814 /* ProfileData.swift in Sources */ = {isa = PBXBuildFile; fileRef = 961620582B1EC84400249814 /* ProfileData.swift */; };
		9616205C2B1EDC9F00249814 /* CircularLoadingView.swift in Sources */ = {isa = PBXBuildFile; fileRef = 9616205B2B1EDC9F00249814 /* CircularLoadingView.swift */; };
		9633451A2B1FFA1A0081B0F2 /* UserProfileViewModel.swift in Sources */ = {isa = PBXBuildFile; fileRef = 963345192B1FFA1A0081B0F2 /* UserProfileViewModel.swift */; };
		9633451D2B206C0C0081B0F2 /* FirebaseInstallations in Frameworks */ = {isa = PBXBuildFile; productRef = 9633451C2B206C0C0081B0F2 /* FirebaseInstallations */; };
		9633451F2B206C220081B0F2 /* FirebaseDynamicLinks in Frameworks */ = {isa = PBXBuildFile; productRef = 9633451E2B206C220081B0F2 /* FirebaseDynamicLinks */; };
		96CB51E02B1D3A9300114F0E /* GoogleService-Info.plist in Resources */ = {isa = PBXBuildFile; fileRef = 96CB51DF2B1D3A9300114F0E /* GoogleService-Info.plist */; };
		96CB51E72B1D3C6500114F0E /* FirebaseAuth in Frameworks */ = {isa = PBXBuildFile; productRef = 96CB51E62B1D3C6500114F0E /* FirebaseAuth */; };
		96CB51E92B1D3C6500114F0E /* FirebaseDatabase in Frameworks */ = {isa = PBXBuildFile; productRef = 96CB51E82B1D3C6500114F0E /* FirebaseDatabase */; };
		96CB51EB2B1D3C6500114F0E /* FirebaseDatabaseSwift in Frameworks */ = {isa = PBXBuildFile; productRef = 96CB51EA2B1D3C6500114F0E /* FirebaseDatabaseSwift */; };
		96CB51EF2B1D3C6500114F0E /* FirebaseFirestore in Frameworks */ = {isa = PBXBuildFile; productRef = 96CB51EE2B1D3C6500114F0E /* FirebaseFirestore */; };
		96CB51F12B1D3C6500114F0E /* FirebaseFirestoreSwift in Frameworks */ = {isa = PBXBuildFile; productRef = 96CB51F02B1D3C6500114F0E /* FirebaseFirestoreSwift */; };
		96CB51F32B1D3C6500114F0E /* FirebaseFunctions in Frameworks */ = {isa = PBXBuildFile; productRef = 96CB51F22B1D3C6500114F0E /* FirebaseFunctions */; };
		96CB51FB2B1D3C6500114F0E /* FirebaseMLModelDownloader in Frameworks */ = {isa = PBXBuildFile; productRef = 96CB51FA2B1D3C6500114F0E /* FirebaseMLModelDownloader */; };
		96CB52012B1D3C6500114F0E /* FirebaseStorage in Frameworks */ = {isa = PBXBuildFile; productRef = 96CB52002B1D3C6500114F0E /* FirebaseStorage */; };
		96CB52032B1D3C6500114F0E /* FirebaseStorageCombine-Community in Frameworks */ = {isa = PBXBuildFile; productRef = 96CB52022B1D3C6500114F0E /* FirebaseStorageCombine-Community */; };
		96F1ADFC2AFAAAAD00968C14 /* ProfileView.swift in Sources */ = {isa = PBXBuildFile; fileRef = 96F1ADFB2AFAAAAD00968C14 /* ProfileView.swift */; };
/* End PBXBuildFile section */

/* Begin PBXContainerItemProxy section */
		9286BF992AF964E2005EB5EB /* PBXContainerItemProxy */ = {
			isa = PBXContainerItemProxy;
			containerPortal = 9286BF802AF964DE005EB5EB /* Project object */;
			proxyType = 1;
			remoteGlobalIDString = 9286BF872AF964DE005EB5EB;
			remoteInfo = SmartJournal;
		};
		9286BFA32AF964E2005EB5EB /* PBXContainerItemProxy */ = {
			isa = PBXContainerItemProxy;
			containerPortal = 9286BF802AF964DE005EB5EB /* Project object */;
			proxyType = 1;
			remoteGlobalIDString = 9286BF872AF964DE005EB5EB;
			remoteInfo = SmartJournal;
		};
/* End PBXContainerItemProxy section */

/* Begin PBXFileReference section */
		9224B37D2AFE9038009D8340 /* InputField.swift */ = {isa = PBXFileReference; lastKnownFileType = sourcecode.swift; path = InputField.swift; sourceTree = "<group>"; };
		9224B3822AFEA355009D8340 /* CreateAccountView.swift */ = {isa = PBXFileReference; lastKnownFileType = sourcecode.swift; path = CreateAccountView.swift; sourceTree = "<group>"; };
		9224B3852AFEA977009D8340 /* UserAuthenticationState.swift */ = {isa = PBXFileReference; lastKnownFileType = sourcecode.swift; path = UserAuthenticationState.swift; sourceTree = "<group>"; };
		9236D1912B23877F002AD77C /* JournalViewModel.swift */ = {isa = PBXFileReference; lastKnownFileType = sourcecode.swift; path = JournalViewModel.swift; sourceTree = "<group>"; };
		926654532B237C53001F624B /* JournalModel.swift */ = {isa = PBXFileReference; lastKnownFileType = sourcecode.swift; path = JournalModel.swift; sourceTree = "<group>"; };
		92683D902AF97DB800BEF279 /* HomeView.swift */ = {isa = PBXFileReference; lastKnownFileType = sourcecode.swift; path = HomeView.swift; sourceTree = "<group>"; };
		92683D922AF9906300BEF279 /* AuthenticationView.swift */ = {isa = PBXFileReference; lastKnownFileType = sourcecode.swift; path = AuthenticationView.swift; sourceTree = "<group>"; };
		92683D952AF999F900BEF279 /* HashableUIImage.swift */ = {isa = PBXFileReference; lastKnownFileType = sourcecode.swift; path = HashableUIImage.swift; sourceTree = "<group>"; };
		9286BF882AF964DE005EB5EB /* SmartJournal.app */ = {isa = PBXFileReference; explicitFileType = wrapper.application; includeInIndex = 0; path = SmartJournal.app; sourceTree = BUILT_PRODUCTS_DIR; };
		9286BF8B2AF964DE005EB5EB /* SmartJournalApp.swift */ = {isa = PBXFileReference; lastKnownFileType = sourcecode.swift; path = SmartJournalApp.swift; sourceTree = "<group>"; };
		9286BF8F2AF964E1005EB5EB /* Assets.xcassets */ = {isa = PBXFileReference; lastKnownFileType = folder.assetcatalog; path = Assets.xcassets; sourceTree = "<group>"; };
		9286BF922AF964E1005EB5EB /* Preview Assets.xcassets */ = {isa = PBXFileReference; lastKnownFileType = folder.assetcatalog; path = "Preview Assets.xcassets"; sourceTree = "<group>"; };
		9286BF982AF964E2005EB5EB /* SmartJournalTests.xctest */ = {isa = PBXFileReference; explicitFileType = wrapper.cfbundle; includeInIndex = 0; path = SmartJournalTests.xctest; sourceTree = BUILT_PRODUCTS_DIR; };
		9286BF9C2AF964E2005EB5EB /* SmartJournalTests.swift */ = {isa = PBXFileReference; lastKnownFileType = sourcecode.swift; path = SmartJournalTests.swift; sourceTree = "<group>"; };
		9286BFA22AF964E2005EB5EB /* SmartJournalUITests.xctest */ = {isa = PBXFileReference; explicitFileType = wrapper.cfbundle; includeInIndex = 0; path = SmartJournalUITests.xctest; sourceTree = BUILT_PRODUCTS_DIR; };
		9286BFA62AF964E2005EB5EB /* SmartJournalUITests.swift */ = {isa = PBXFileReference; lastKnownFileType = sourcecode.swift; path = SmartJournalUITests.swift; sourceTree = "<group>"; };
		9286BFA82AF964E2005EB5EB /* SmartJournalUITestsLaunchTests.swift */ = {isa = PBXFileReference; lastKnownFileType = sourcecode.swift; path = SmartJournalUITestsLaunchTests.swift; sourceTree = "<group>"; };
		9286BFBD2AF967D4005EB5EB /* PostView.swift */ = {isa = PBXFileReference; lastKnownFileType = sourcecode.swift; path = PostView.swift; sourceTree = "<group>"; };
		9286BFC12AF97524005EB5EB /* ImageCarousel.swift */ = {isa = PBXFileReference; lastKnownFileType = sourcecode.swift; path = ImageCarousel.swift; sourceTree = "<group>"; };
		92D6F9922B0546DB00C7CE0E /* EditJournalView.swift */ = {isa = PBXFileReference; lastKnownFileType = sourcecode.swift; path = EditJournalView.swift; sourceTree = "<group>"; };
		92D6F9952B05643600C7CE0E /* MultiplePhotoPickerViewModel.swift */ = {isa = PBXFileReference; lastKnownFileType = sourcecode.swift; path = MultiplePhotoPickerViewModel.swift; sourceTree = "<group>"; };
		92D6F9972B0587E900C7CE0E /* SinglePhotoPickerViewModel.swift */ = {isa = PBXFileReference; lastKnownFileType = sourcecode.swift; path = SinglePhotoPickerViewModel.swift; sourceTree = "<group>"; };
		96026F6E2AFCC03D0017A391 /* CustomText.swift */ = {isa = PBXFileReference; lastKnownFileType = sourcecode.swift; path = CustomText.swift; sourceTree = "<group>"; };
		96026F712AFCC0B40017A391 /* ActionButton.swift */ = {isa = PBXFileReference; lastKnownFileType = sourcecode.swift; path = ActionButton.swift; sourceTree = "<group>"; };
		9610676C2B0487C700B0714D /* EditProfile.swift */ = {isa = PBXFileReference; lastKnownFileType = sourcecode.swift; path = EditProfile.swift; sourceTree = "<group>"; };
		9610676F2B054DFD00B0714D /* LeftIconButton.swift */ = {isa = PBXFileReference; lastKnownFileType = sourcecode.swift; path = LeftIconButton.swift; sourceTree = "<group>"; };
		961067712B055C2000B0714D /* LabelsForTextFields.swift */ = {isa = PBXFileReference; lastKnownFileType = sourcecode.swift; path = LabelsForTextFields.swift; sourceTree = "<group>"; };
		961620582B1EC84400249814 /* ProfileData.swift */ = {isa = PBXFileReference; lastKnownFileType = sourcecode.swift; path = ProfileData.swift; sourceTree = "<group>"; };
		9616205B2B1EDC9F00249814 /* CircularLoadingView.swift */ = {isa = PBXFileReference; lastKnownFileType = sourcecode.swift; path = CircularLoadingView.swift; sourceTree = "<group>"; };
		963345192B1FFA1A0081B0F2 /* UserProfileViewModel.swift */ = {isa = PBXFileReference; lastKnownFileType = sourcecode.swift; path = UserProfileViewModel.swift; sourceTree = "<group>"; };
		96CB51DF2B1D3A9300114F0E /* GoogleService-Info.plist */ = {isa = PBXFileReference; fileEncoding = 4; lastKnownFileType = text.plist.xml; path = "GoogleService-Info.plist"; sourceTree = "<group>"; };
		96F1ADFB2AFAAAAD00968C14 /* ProfileView.swift */ = {isa = PBXFileReference; lastKnownFileType = sourcecode.swift; name = ProfileView.swift; path = SmartJournal/Features/Profile/ProfileView.swift; sourceTree = SOURCE_ROOT; };
/* End PBXFileReference section */

/* Begin PBXFrameworksBuildPhase section */
		9286BF852AF964DE005EB5EB /* Frameworks */ = {
			isa = PBXFrameworksBuildPhase;
			buildActionMask = 2147483647;
			files = (
				96CB51EB2B1D3C6500114F0E /* FirebaseDatabaseSwift in Frameworks */,
				96CB52012B1D3C6500114F0E /* FirebaseStorage in Frameworks */,
				96CB52032B1D3C6500114F0E /* FirebaseStorageCombine-Community in Frameworks */,
				96CB51E72B1D3C6500114F0E /* FirebaseAuth in Frameworks */,
				96CB51F32B1D3C6500114F0E /* FirebaseFunctions in Frameworks */,
				96CB51E92B1D3C6500114F0E /* FirebaseDatabase in Frameworks */,
				96CB51EF2B1D3C6500114F0E /* FirebaseFirestore in Frameworks */,
				96CB51F12B1D3C6500114F0E /* FirebaseFirestoreSwift in Frameworks */,
				9633451D2B206C0C0081B0F2 /* FirebaseInstallations in Frameworks */,
				96CB51FB2B1D3C6500114F0E /* FirebaseMLModelDownloader in Frameworks */,
				96CB51EB2B1D3C6500114F0E /* FirebaseDatabaseSwift in Frameworks */,
				96CB52012B1D3C6500114F0E /* FirebaseStorage in Frameworks */,
				96CB52032B1D3C6500114F0E /* FirebaseStorageCombine-Community in Frameworks */,
				96CB51E72B1D3C6500114F0E /* FirebaseAuth in Frameworks */,
				96CB51F32B1D3C6500114F0E /* FirebaseFunctions in Frameworks */,
				96CB51E92B1D3C6500114F0E /* FirebaseDatabase in Frameworks */,
				96CB51EF2B1D3C6500114F0E /* FirebaseFirestore in Frameworks */,
				96CB51F12B1D3C6500114F0E /* FirebaseFirestoreSwift in Frameworks */,
				96CB51FB2B1D3C6500114F0E /* FirebaseMLModelDownloader in Frameworks */,
				9633451F2B206C220081B0F2 /* FirebaseDynamicLinks in Frameworks */,
			);
			runOnlyForDeploymentPostprocessing = 0;
		};
		9286BF952AF964E2005EB5EB /* Frameworks */ = {
			isa = PBXFrameworksBuildPhase;
			buildActionMask = 2147483647;
			files = (
			);
			runOnlyForDeploymentPostprocessing = 0;
		};
		9286BF9F2AF964E2005EB5EB /* Frameworks */ = {
			isa = PBXFrameworksBuildPhase;
			buildActionMask = 2147483647;
			files = (
			);
			runOnlyForDeploymentPostprocessing = 0;
		};
/* End PBXFrameworksBuildPhase section */

/* Begin PBXGroup section */
		9224B37C2AFE9007009D8340 /* TextFieldModifiers */ = {
			isa = PBXGroup;
			children = (
				9224B37D2AFE9038009D8340 /* InputField.swift */,
			);
			path = TextFieldModifiers;
			sourceTree = "<group>";
		};
		9224B3812AFEA344009D8340 /* CreateAccount */ = {
			isa = PBXGroup;
			children = (
				9224B3822AFEA355009D8340 /* CreateAccountView.swift */,
			);
			path = CreateAccount;
			sourceTree = "<group>";
		};
		9224B3842AFEA944009D8340 /* Logic */ = {
			isa = PBXGroup;
			children = (
				9224B3852AFEA977009D8340 /* UserAuthenticationState.swift */,
				961620582B1EC84400249814 /* ProfileData.swift */,
			);
			path = Logic;
			sourceTree = "<group>";
		};
		92683D942AF999E100BEF279 /* HashableUIImage */ = {
			isa = PBXGroup;
			children = (
				92683D952AF999F900BEF279 /* HashableUIImage.swift */,
			);
			path = HashableUIImage;
			sourceTree = "<group>";
		};
		9286BF7F2AF964DE005EB5EB = {
			isa = PBXGroup;
			children = (
				9286BF8A2AF964DE005EB5EB /* SmartJournal */,
				9286BF9B2AF964E2005EB5EB /* SmartJournalTests */,
				9286BFA52AF964E2005EB5EB /* SmartJournalUITests */,
				9286BF892AF964DE005EB5EB /* Products */,
				9633451B2B206C0C0081B0F2 /* Frameworks */,
			);
			sourceTree = "<group>";
		};
		9286BF892AF964DE005EB5EB /* Products */ = {
			isa = PBXGroup;
			children = (
				9286BF882AF964DE005EB5EB /* SmartJournal.app */,
				9286BF982AF964E2005EB5EB /* SmartJournalTests.xctest */,
				9286BFA22AF964E2005EB5EB /* SmartJournalUITests.xctest */,
			);
			name = Products;
			sourceTree = "<group>";
		};
		9286BF8A2AF964DE005EB5EB /* SmartJournal */ = {
			isa = PBXGroup;
			children = (
				963345182B1FFA070081B0F2 /* Models */,
				96CB51DF2B1D3A9300114F0E /* GoogleService-Info.plist */,
				9224B3842AFEA944009D8340 /* Logic */,
				9286BFBF2AF97505005EB5EB /* Components */,
				9286BFB52AF96539005EB5EB /* Features */,
				9286BF8B2AF964DE005EB5EB /* SmartJournalApp.swift */,
				9286BF8F2AF964E1005EB5EB /* Assets.xcassets */,
				9286BF912AF964E1005EB5EB /* Preview Content */,
			);
			path = SmartJournal;
			sourceTree = "<group>";
		};
		9286BF912AF964E1005EB5EB /* Preview Content */ = {
			isa = PBXGroup;
			children = (
				9286BF922AF964E1005EB5EB /* Preview Assets.xcassets */,
			);
			path = "Preview Content";
			sourceTree = "<group>";
		};
		9286BF9B2AF964E2005EB5EB /* SmartJournalTests */ = {
			isa = PBXGroup;
			children = (
				9286BF9C2AF964E2005EB5EB /* SmartJournalTests.swift */,
			);
			path = SmartJournalTests;
			sourceTree = "<group>";
		};
		9286BFA52AF964E2005EB5EB /* SmartJournalUITests */ = {
			isa = PBXGroup;
			children = (
				9286BFA62AF964E2005EB5EB /* SmartJournalUITests.swift */,
				9286BFA82AF964E2005EB5EB /* SmartJournalUITestsLaunchTests.swift */,
			);
			path = SmartJournalUITests;
			sourceTree = "<group>";
		};
		9286BFB52AF96539005EB5EB /* Features */ = {
			isa = PBXGroup;
			children = (
				92D6F9912B0546C800C7CE0E /* Journal */,
				9224B3812AFEA344009D8340 /* CreateAccount */,
				96026F732AFCC2AA0017A391 /* Profile */,
				9286BFBC2AF967C5005EB5EB /* Post */,
				9286BFB92AF96594005EB5EB /* Authentication */,
				9286BFB72AF96581005EB5EB /* Home */,
			);
			path = Features;
			sourceTree = "<group>";
		};
		9286BFB72AF96581005EB5EB /* Home */ = {
			isa = PBXGroup;
			children = (
				92683D902AF97DB800BEF279 /* HomeView.swift */,
			);
			path = Home;
			sourceTree = "<group>";
		};
		9286BFB92AF96594005EB5EB /* Authentication */ = {
			isa = PBXGroup;
			children = (
				92683D922AF9906300BEF279 /* AuthenticationView.swift */,
			);
			path = Authentication;
			sourceTree = "<group>";
		};
		9286BFBC2AF967C5005EB5EB /* Post */ = {
			isa = PBXGroup;
			children = (
				9286BFBD2AF967D4005EB5EB /* PostView.swift */,
			);
			path = Post;
			sourceTree = "<group>";
		};
		9286BFBF2AF97505005EB5EB /* Components */ = {
			isa = PBXGroup;
			children = (
				9616205A2B1EDC7E00249814 /* CircularLoadingIndicator */,
				9610676E2B054DDC00B0714D /* LeftIconButton */,
				92D6F9942B05642500C7CE0E /* PhotoPicker */,
				9286BFC02AF9750D005EB5EB /* ImageCarousel */,
				9224B37C2AFE9007009D8340 /* TextFieldModifiers */,
				96026F702AFCC0A20017A391 /* CustomButton */,
				96026F6D2AFCC01B0017A391 /* CustomTextComponent */,
				92683D942AF999E100BEF279 /* HashableUIImage */,
			);
			path = Components;
			sourceTree = "<group>";
		};
		9286BFC02AF9750D005EB5EB /* ImageCarousel */ = {
			isa = PBXGroup;
			children = (
				9286BFC12AF97524005EB5EB /* ImageCarousel.swift */,
			);
			path = ImageCarousel;
			sourceTree = "<group>";
		};
		92D6F9912B0546C800C7CE0E /* Journal */ = {
			isa = PBXGroup;
			children = (
				926654532B237C53001F624B /* JournalModel.swift */,
				92D6F9922B0546DB00C7CE0E /* EditJournalView.swift */,
				9236D1912B23877F002AD77C /* JournalViewModel.swift */,
			);
			path = Journal;
			sourceTree = "<group>";
		};
		92D6F9942B05642500C7CE0E /* PhotoPicker */ = {
			isa = PBXGroup;
			children = (
				92D6F9972B0587E900C7CE0E /* SinglePhotoPickerViewModel.swift */,
				92D6F9952B05643600C7CE0E /* MultiplePhotoPickerViewModel.swift */,
			);
			path = PhotoPicker;
			sourceTree = "<group>";
		};
		96026F6D2AFCC01B0017A391 /* CustomTextComponent */ = {
			isa = PBXGroup;
			children = (
				96026F6E2AFCC03D0017A391 /* CustomText.swift */,
				961067712B055C2000B0714D /* LabelsForTextFields.swift */,
			);
			path = CustomTextComponent;
			sourceTree = "<group>";
		};
		96026F702AFCC0A20017A391 /* CustomButton */ = {
			isa = PBXGroup;
			children = (
				96026F712AFCC0B40017A391 /* ActionButton.swift */,
			);
			path = CustomButton;
			sourceTree = "<group>";
		};
		96026F732AFCC2AA0017A391 /* Profile */ = {
			isa = PBXGroup;
			children = (
				96F1ADFB2AFAAAAD00968C14 /* ProfileView.swift */,
				9610676C2B0487C700B0714D /* EditProfile.swift */,
			);
			path = Profile;
			sourceTree = "<group>";
		};
		9610676E2B054DDC00B0714D /* LeftIconButton */ = {
			isa = PBXGroup;
			children = (
				9610676F2B054DFD00B0714D /* LeftIconButton.swift */,
			);
			path = LeftIconButton;
			sourceTree = "<group>";
		};
		9616205A2B1EDC7E00249814 /* CircularLoadingIndicator */ = {
			isa = PBXGroup;
			children = (
				9616205B2B1EDC9F00249814 /* CircularLoadingView.swift */,
			);
			path = CircularLoadingIndicator;
			sourceTree = "<group>";
		};
		963345182B1FFA070081B0F2 /* Models */ = {
			isa = PBXGroup;
			children = (
				963345192B1FFA1A0081B0F2 /* UserProfileViewModel.swift */,
			);
			path = Models;
			sourceTree = "<group>";
		};
		9633451B2B206C0C0081B0F2 /* Frameworks */ = {
			isa = PBXGroup;
			children = (
			);
			name = Frameworks;
			sourceTree = "<group>";
		};
/* End PBXGroup section */

/* Begin PBXNativeTarget section */
		9286BF872AF964DE005EB5EB /* SmartJournal */ = {
			isa = PBXNativeTarget;
			buildConfigurationList = 9286BFAC2AF964E2005EB5EB /* Build configuration list for PBXNativeTarget "SmartJournal" */;
			buildPhases = (
				9286BF842AF964DE005EB5EB /* Sources */,
				9286BF852AF964DE005EB5EB /* Frameworks */,
				9286BF862AF964DE005EB5EB /* Resources */,
			);
			buildRules = (
			);
			dependencies = (
			);
			name = SmartJournal;
			packageProductDependencies = (
				96CB51E62B1D3C6500114F0E /* FirebaseAuth */,
				96CB51E82B1D3C6500114F0E /* FirebaseDatabase */,
				96CB51EA2B1D3C6500114F0E /* FirebaseDatabaseSwift */,
				96CB51EE2B1D3C6500114F0E /* FirebaseFirestore */,
				96CB51F02B1D3C6500114F0E /* FirebaseFirestoreSwift */,
				96CB51F22B1D3C6500114F0E /* FirebaseFunctions */,
				96CB51FA2B1D3C6500114F0E /* FirebaseMLModelDownloader */,
				96CB52002B1D3C6500114F0E /* FirebaseStorage */,
				96CB52022B1D3C6500114F0E /* FirebaseStorageCombine-Community */,
				9633451C2B206C0C0081B0F2 /* FirebaseInstallations */,
				9633451E2B206C220081B0F2 /* FirebaseDynamicLinks */,
			);
			productName = SmartJournal;
			productReference = 9286BF882AF964DE005EB5EB /* SmartJournal.app */;
			productType = "com.apple.product-type.application";
		};
		9286BF972AF964E2005EB5EB /* SmartJournalTests */ = {
			isa = PBXNativeTarget;
			buildConfigurationList = 9286BFAF2AF964E2005EB5EB /* Build configuration list for PBXNativeTarget "SmartJournalTests" */;
			buildPhases = (
				9286BF942AF964E2005EB5EB /* Sources */,
				9286BF952AF964E2005EB5EB /* Frameworks */,
				9286BF962AF964E2005EB5EB /* Resources */,
			);
			buildRules = (
			);
			dependencies = (
				9286BF9A2AF964E2005EB5EB /* PBXTargetDependency */,
			);
			name = SmartJournalTests;
			productName = SmartJournalTests;
			productReference = 9286BF982AF964E2005EB5EB /* SmartJournalTests.xctest */;
			productType = "com.apple.product-type.bundle.unit-test";
		};
		9286BFA12AF964E2005EB5EB /* SmartJournalUITests */ = {
			isa = PBXNativeTarget;
			buildConfigurationList = 9286BFB22AF964E2005EB5EB /* Build configuration list for PBXNativeTarget "SmartJournalUITests" */;
			buildPhases = (
				9286BF9E2AF964E2005EB5EB /* Sources */,
				9286BF9F2AF964E2005EB5EB /* Frameworks */,
				9286BFA02AF964E2005EB5EB /* Resources */,
			);
			buildRules = (
			);
			dependencies = (
				9286BFA42AF964E2005EB5EB /* PBXTargetDependency */,
			);
			name = SmartJournalUITests;
			productName = SmartJournalUITests;
			productReference = 9286BFA22AF964E2005EB5EB /* SmartJournalUITests.xctest */;
			productType = "com.apple.product-type.bundle.ui-testing";
		};
/* End PBXNativeTarget section */

/* Begin PBXProject section */
		9286BF802AF964DE005EB5EB /* Project object */ = {
			isa = PBXProject;
			attributes = {
				BuildIndependentTargetsInParallel = 1;
				LastSwiftUpdateCheck = 1500;
				LastUpgradeCheck = 1500;
				TargetAttributes = {
					9286BF872AF964DE005EB5EB = {
						CreatedOnToolsVersion = 15.0.1;
					};
					9286BF972AF964E2005EB5EB = {
						CreatedOnToolsVersion = 15.0.1;
						TestTargetID = 9286BF872AF964DE005EB5EB;
					};
					9286BFA12AF964E2005EB5EB = {
						CreatedOnToolsVersion = 15.0.1;
						TestTargetID = 9286BF872AF964DE005EB5EB;
					};
				};
			};
			buildConfigurationList = 9286BF832AF964DE005EB5EB /* Build configuration list for PBXProject "SmartJournal" */;
			compatibilityVersion = "Xcode 14.0";
			developmentRegion = en;
			hasScannedForEncodings = 0;
			knownRegions = (
				en,
				Base,
			);
			mainGroup = 9286BF7F2AF964DE005EB5EB;
			packageReferences = (
				96CB51E12B1D3C6500114F0E /* XCRemoteSwiftPackageReference "firebase-ios-sdk" */,
			);
			productRefGroup = 9286BF892AF964DE005EB5EB /* Products */;
			projectDirPath = "";
			projectRoot = "";
			targets = (
				9286BF872AF964DE005EB5EB /* SmartJournal */,
				9286BF972AF964E2005EB5EB /* SmartJournalTests */,
				9286BFA12AF964E2005EB5EB /* SmartJournalUITests */,
			);
		};
/* End PBXProject section */

/* Begin PBXResourcesBuildPhase section */
		9286BF862AF964DE005EB5EB /* Resources */ = {
			isa = PBXResourcesBuildPhase;
			buildActionMask = 2147483647;
			files = (
				9286BF932AF964E1005EB5EB /* Preview Assets.xcassets in Resources */,
				9286BF902AF964E1005EB5EB /* Assets.xcassets in Resources */,
				96CB51E02B1D3A9300114F0E /* GoogleService-Info.plist in Resources */,
				96CB51E02B1D3A9300114F0E /* GoogleService-Info.plist in Resources */,
			);
			runOnlyForDeploymentPostprocessing = 0;
		};
		9286BF962AF964E2005EB5EB /* Resources */ = {
			isa = PBXResourcesBuildPhase;
			buildActionMask = 2147483647;
			files = (
			);
			runOnlyForDeploymentPostprocessing = 0;
		};
		9286BFA02AF964E2005EB5EB /* Resources */ = {
			isa = PBXResourcesBuildPhase;
			buildActionMask = 2147483647;
			files = (
			);
			runOnlyForDeploymentPostprocessing = 0;
		};
/* End PBXResourcesBuildPhase section */

/* Begin PBXSourcesBuildPhase section */
		9286BF842AF964DE005EB5EB /* Sources */ = {
			isa = PBXSourcesBuildPhase;
			buildActionMask = 2147483647;
			files = (
				92D6F9932B0546DB00C7CE0E /* EditJournalView.swift in Sources */,
				926654542B237C53001F624B /* JournalModel.swift in Sources */,
				9224B3862AFEA977009D8340 /* UserAuthenticationState.swift in Sources */,
				9616205C2B1EDC9F00249814 /* CircularLoadingView.swift in Sources */,
				9224B3832AFEA355009D8340 /* CreateAccountView.swift in Sources */,
				92D6F9962B05643600C7CE0E /* MultiplePhotoPickerViewModel.swift in Sources */,
				9286BFBE2AF967D4005EB5EB /* PostView.swift in Sources */,
				92683D962AF999F900BEF279 /* HashableUIImage.swift in Sources */,
				96026F722AFCC0B40017A391 /* ActionButton.swift in Sources */,
				9224B37E2AFE9038009D8340 /* InputField.swift in Sources */,
				9236D1922B23877F002AD77C /* JournalViewModel.swift in Sources */,
				9286BFC22AF97524005EB5EB /* ImageCarousel.swift in Sources */,
				961620592B1EC84400249814 /* ProfileData.swift in Sources */,
				96026F6F2AFCC03D0017A391 /* CustomText.swift in Sources */,
				961067722B055C2000B0714D /* LabelsForTextFields.swift in Sources */,
				92683D912AF97DB800BEF279 /* HomeView.swift in Sources */,
				9286BF8C2AF964DE005EB5EB /* SmartJournalApp.swift in Sources */,
				9610676D2B0487C700B0714D /* EditProfile.swift in Sources */,
				92D6F9982B0587E900C7CE0E /* SinglePhotoPickerViewModel.swift in Sources */,
				9633451A2B1FFA1A0081B0F2 /* UserProfileViewModel.swift in Sources */,
				96F1ADFC2AFAAAAD00968C14 /* ProfileView.swift in Sources */,
				92683D932AF9906300BEF279 /* AuthenticationView.swift in Sources */,
				961067702B054DFD00B0714D /* LeftIconButton.swift in Sources */,
			);
			runOnlyForDeploymentPostprocessing = 0;
		};
		9286BF942AF964E2005EB5EB /* Sources */ = {
			isa = PBXSourcesBuildPhase;
			buildActionMask = 2147483647;
			files = (
				9286BF9D2AF964E2005EB5EB /* SmartJournalTests.swift in Sources */,
			);
			runOnlyForDeploymentPostprocessing = 0;
		};
		9286BF9E2AF964E2005EB5EB /* Sources */ = {
			isa = PBXSourcesBuildPhase;
			buildActionMask = 2147483647;
			files = (
				9286BFA92AF964E2005EB5EB /* SmartJournalUITestsLaunchTests.swift in Sources */,
				9286BFA72AF964E2005EB5EB /* SmartJournalUITests.swift in Sources */,
			);
			runOnlyForDeploymentPostprocessing = 0;
		};
/* End PBXSourcesBuildPhase section */

/* Begin PBXTargetDependency section */
		9286BF9A2AF964E2005EB5EB /* PBXTargetDependency */ = {
			isa = PBXTargetDependency;
			target = 9286BF872AF964DE005EB5EB /* SmartJournal */;
			targetProxy = 9286BF992AF964E2005EB5EB /* PBXContainerItemProxy */;
		};
		9286BFA42AF964E2005EB5EB /* PBXTargetDependency */ = {
			isa = PBXTargetDependency;
			target = 9286BF872AF964DE005EB5EB /* SmartJournal */;
			targetProxy = 9286BFA32AF964E2005EB5EB /* PBXContainerItemProxy */;
		};
/* End PBXTargetDependency section */

/* Begin XCBuildConfiguration section */
		9286BFAA2AF964E2005EB5EB /* Debug */ = {
			isa = XCBuildConfiguration;
			buildSettings = {
				ALWAYS_SEARCH_USER_PATHS = NO;
				ASSETCATALOG_COMPILER_GENERATE_SWIFT_ASSET_SYMBOL_EXTENSIONS = YES;
				CLANG_ANALYZER_NONNULL = YES;
				CLANG_ANALYZER_NUMBER_OBJECT_CONVERSION = YES_AGGRESSIVE;
				CLANG_CXX_LANGUAGE_STANDARD = "gnu++20";
				CLANG_ENABLE_MODULES = YES;
				CLANG_ENABLE_OBJC_ARC = YES;
				CLANG_ENABLE_OBJC_WEAK = YES;
				CLANG_WARN_BLOCK_CAPTURE_AUTORELEASING = YES;
				CLANG_WARN_BOOL_CONVERSION = YES;
				CLANG_WARN_COMMA = YES;
				CLANG_WARN_CONSTANT_CONVERSION = YES;
				CLANG_WARN_DEPRECATED_OBJC_IMPLEMENTATIONS = YES;
				CLANG_WARN_DIRECT_OBJC_ISA_USAGE = YES_ERROR;
				CLANG_WARN_DOCUMENTATION_COMMENTS = YES;
				CLANG_WARN_EMPTY_BODY = YES;
				CLANG_WARN_ENUM_CONVERSION = YES;
				CLANG_WARN_INFINITE_RECURSION = YES;
				CLANG_WARN_INT_CONVERSION = YES;
				CLANG_WARN_NON_LITERAL_NULL_CONVERSION = YES;
				CLANG_WARN_OBJC_IMPLICIT_RETAIN_SELF = YES;
				CLANG_WARN_OBJC_LITERAL_CONVERSION = YES;
				CLANG_WARN_OBJC_ROOT_CLASS = YES_ERROR;
				CLANG_WARN_QUOTED_INCLUDE_IN_FRAMEWORK_HEADER = YES;
				CLANG_WARN_RANGE_LOOP_ANALYSIS = YES;
				CLANG_WARN_STRICT_PROTOTYPES = YES;
				CLANG_WARN_SUSPICIOUS_MOVE = YES;
				CLANG_WARN_UNGUARDED_AVAILABILITY = YES_AGGRESSIVE;
				CLANG_WARN_UNREACHABLE_CODE = YES;
				CLANG_WARN__DUPLICATE_METHOD_MATCH = YES;
				COPY_PHASE_STRIP = NO;
				DEBUG_INFORMATION_FORMAT = dwarf;
				ENABLE_STRICT_OBJC_MSGSEND = YES;
				ENABLE_TESTABILITY = YES;
				ENABLE_USER_SCRIPT_SANDBOXING = YES;
				GCC_C_LANGUAGE_STANDARD = gnu17;
				GCC_DYNAMIC_NO_PIC = NO;
				GCC_NO_COMMON_BLOCKS = YES;
				GCC_OPTIMIZATION_LEVEL = 0;
				GCC_PREPROCESSOR_DEFINITIONS = (
					"DEBUG=1",
					"$(inherited)",
				);
				GCC_WARN_64_TO_32_BIT_CONVERSION = YES;
				GCC_WARN_ABOUT_RETURN_TYPE = YES_ERROR;
				GCC_WARN_UNDECLARED_SELECTOR = YES;
				GCC_WARN_UNINITIALIZED_AUTOS = YES_AGGRESSIVE;
				GCC_WARN_UNUSED_FUNCTION = YES;
				GCC_WARN_UNUSED_VARIABLE = YES;
				IPHONEOS_DEPLOYMENT_TARGET = 17.0;
				LOCALIZATION_PREFERS_STRING_CATALOGS = YES;
				MTL_ENABLE_DEBUG_INFO = INCLUDE_SOURCE;
				MTL_FAST_MATH = YES;
				ONLY_ACTIVE_ARCH = YES;
				SDKROOT = iphoneos;
				SWIFT_ACTIVE_COMPILATION_CONDITIONS = "DEBUG $(inherited)";
				SWIFT_OPTIMIZATION_LEVEL = "-Onone";
			};
			name = Debug;
		};
		9286BFAB2AF964E2005EB5EB /* Release */ = {
			isa = XCBuildConfiguration;
			buildSettings = {
				ALWAYS_SEARCH_USER_PATHS = NO;
				ASSETCATALOG_COMPILER_GENERATE_SWIFT_ASSET_SYMBOL_EXTENSIONS = YES;
				CLANG_ANALYZER_NONNULL = YES;
				CLANG_ANALYZER_NUMBER_OBJECT_CONVERSION = YES_AGGRESSIVE;
				CLANG_CXX_LANGUAGE_STANDARD = "gnu++20";
				CLANG_ENABLE_MODULES = YES;
				CLANG_ENABLE_OBJC_ARC = YES;
				CLANG_ENABLE_OBJC_WEAK = YES;
				CLANG_WARN_BLOCK_CAPTURE_AUTORELEASING = YES;
				CLANG_WARN_BOOL_CONVERSION = YES;
				CLANG_WARN_COMMA = YES;
				CLANG_WARN_CONSTANT_CONVERSION = YES;
				CLANG_WARN_DEPRECATED_OBJC_IMPLEMENTATIONS = YES;
				CLANG_WARN_DIRECT_OBJC_ISA_USAGE = YES_ERROR;
				CLANG_WARN_DOCUMENTATION_COMMENTS = YES;
				CLANG_WARN_EMPTY_BODY = YES;
				CLANG_WARN_ENUM_CONVERSION = YES;
				CLANG_WARN_INFINITE_RECURSION = YES;
				CLANG_WARN_INT_CONVERSION = YES;
				CLANG_WARN_NON_LITERAL_NULL_CONVERSION = YES;
				CLANG_WARN_OBJC_IMPLICIT_RETAIN_SELF = YES;
				CLANG_WARN_OBJC_LITERAL_CONVERSION = YES;
				CLANG_WARN_OBJC_ROOT_CLASS = YES_ERROR;
				CLANG_WARN_QUOTED_INCLUDE_IN_FRAMEWORK_HEADER = YES;
				CLANG_WARN_RANGE_LOOP_ANALYSIS = YES;
				CLANG_WARN_STRICT_PROTOTYPES = YES;
				CLANG_WARN_SUSPICIOUS_MOVE = YES;
				CLANG_WARN_UNGUARDED_AVAILABILITY = YES_AGGRESSIVE;
				CLANG_WARN_UNREACHABLE_CODE = YES;
				CLANG_WARN__DUPLICATE_METHOD_MATCH = YES;
				COPY_PHASE_STRIP = NO;
				DEBUG_INFORMATION_FORMAT = "dwarf-with-dsym";
				ENABLE_NS_ASSERTIONS = NO;
				ENABLE_STRICT_OBJC_MSGSEND = YES;
				ENABLE_USER_SCRIPT_SANDBOXING = YES;
				GCC_C_LANGUAGE_STANDARD = gnu17;
				GCC_NO_COMMON_BLOCKS = YES;
				GCC_WARN_64_TO_32_BIT_CONVERSION = YES;
				GCC_WARN_ABOUT_RETURN_TYPE = YES_ERROR;
				GCC_WARN_UNDECLARED_SELECTOR = YES;
				GCC_WARN_UNINITIALIZED_AUTOS = YES_AGGRESSIVE;
				GCC_WARN_UNUSED_FUNCTION = YES;
				GCC_WARN_UNUSED_VARIABLE = YES;
				IPHONEOS_DEPLOYMENT_TARGET = 17.0;
				LOCALIZATION_PREFERS_STRING_CATALOGS = YES;
				MTL_ENABLE_DEBUG_INFO = NO;
				MTL_FAST_MATH = YES;
				SDKROOT = iphoneos;
				SWIFT_COMPILATION_MODE = wholemodule;
				VALIDATE_PRODUCT = YES;
			};
			name = Release;
		};
		9286BFAD2AF964E2005EB5EB /* Debug */ = {
			isa = XCBuildConfiguration;
			buildSettings = {
				ASSETCATALOG_COMPILER_APPICON_NAME = AppIcon;
				ASSETCATALOG_COMPILER_GLOBAL_ACCENT_COLOR_NAME = AccentColor;
				CODE_SIGN_STYLE = Automatic;
				CURRENT_PROJECT_VERSION = 1;
				DEVELOPMENT_ASSET_PATHS = "\"SmartJournal/Preview Content\"";
				DEVELOPMENT_TEAM = W3Y44NT4C3;
				ENABLE_PREVIEWS = YES;
				GENERATE_INFOPLIST_FILE = YES;
				INFOPLIST_KEY_UIApplicationSceneManifest_Generation = YES;
				INFOPLIST_KEY_UIApplicationSupportsIndirectInputEvents = YES;
				INFOPLIST_KEY_UILaunchScreen_Generation = YES;
				INFOPLIST_KEY_UISupportedInterfaceOrientations_iPad = "UIInterfaceOrientationPortrait UIInterfaceOrientationPortraitUpsideDown UIInterfaceOrientationLandscapeLeft UIInterfaceOrientationLandscapeRight";
				INFOPLIST_KEY_UISupportedInterfaceOrientations_iPhone = "UIInterfaceOrientationPortrait UIInterfaceOrientationLandscapeLeft UIInterfaceOrientationLandscapeRight";
				LD_RUNPATH_SEARCH_PATHS = (
					"$(inherited)",
					"@executable_path/Frameworks",
				);
				MARKETING_VERSION = 1.0;
				PRODUCT_BUNDLE_IDENTIFIER = ZacharyVeenstra.SmartJournal;
				PRODUCT_NAME = "$(TARGET_NAME)";
				SWIFT_EMIT_LOC_STRINGS = YES;
				SWIFT_VERSION = 5.0;
				TARGETED_DEVICE_FAMILY = "1,2";
			};
			name = Debug;
		};
		9286BFAE2AF964E2005EB5EB /* Release */ = {
			isa = XCBuildConfiguration;
			buildSettings = {
				ASSETCATALOG_COMPILER_APPICON_NAME = AppIcon;
				ASSETCATALOG_COMPILER_GLOBAL_ACCENT_COLOR_NAME = AccentColor;
				CODE_SIGN_STYLE = Automatic;
				CURRENT_PROJECT_VERSION = 1;
				DEVELOPMENT_ASSET_PATHS = "\"SmartJournal/Preview Content\"";
				DEVELOPMENT_TEAM = W3Y44NT4C3;
				ENABLE_PREVIEWS = YES;
				GENERATE_INFOPLIST_FILE = YES;
				INFOPLIST_KEY_UIApplicationSceneManifest_Generation = YES;
				INFOPLIST_KEY_UIApplicationSupportsIndirectInputEvents = YES;
				INFOPLIST_KEY_UILaunchScreen_Generation = YES;
				INFOPLIST_KEY_UISupportedInterfaceOrientations_iPad = "UIInterfaceOrientationPortrait UIInterfaceOrientationPortraitUpsideDown UIInterfaceOrientationLandscapeLeft UIInterfaceOrientationLandscapeRight";
				INFOPLIST_KEY_UISupportedInterfaceOrientations_iPhone = "UIInterfaceOrientationPortrait UIInterfaceOrientationLandscapeLeft UIInterfaceOrientationLandscapeRight";
				LD_RUNPATH_SEARCH_PATHS = (
					"$(inherited)",
					"@executable_path/Frameworks",
				);
				MARKETING_VERSION = 1.0;
				PRODUCT_BUNDLE_IDENTIFIER = ZacharyVeenstra.SmartJournal;
				PRODUCT_NAME = "$(TARGET_NAME)";
				SWIFT_EMIT_LOC_STRINGS = YES;
				SWIFT_VERSION = 5.0;
				TARGETED_DEVICE_FAMILY = "1,2";
			};
			name = Release;
		};
		9286BFB02AF964E2005EB5EB /* Debug */ = {
			isa = XCBuildConfiguration;
			buildSettings = {
				ALWAYS_EMBED_SWIFT_STANDARD_LIBRARIES = YES;
				BUNDLE_LOADER = "$(TEST_HOST)";
				CODE_SIGN_STYLE = Automatic;
				CURRENT_PROJECT_VERSION = 1;
				DEVELOPMENT_TEAM = 9HCRY829GD;
				GENERATE_INFOPLIST_FILE = YES;
				IPHONEOS_DEPLOYMENT_TARGET = 17.0;
				MARKETING_VERSION = 1.0;
				PRODUCT_BUNDLE_IDENTIFIER = ZachVeenstra.SmartJournalTests;
				PRODUCT_NAME = "$(TARGET_NAME)";
				SWIFT_EMIT_LOC_STRINGS = NO;
				SWIFT_VERSION = 5.0;
				TARGETED_DEVICE_FAMILY = "1,2";
				TEST_HOST = "$(BUILT_PRODUCTS_DIR)/SmartJournal.app/$(BUNDLE_EXECUTABLE_FOLDER_PATH)/SmartJournal";
			};
			name = Debug;
		};
		9286BFB12AF964E2005EB5EB /* Release */ = {
			isa = XCBuildConfiguration;
			buildSettings = {
				ALWAYS_EMBED_SWIFT_STANDARD_LIBRARIES = YES;
				BUNDLE_LOADER = "$(TEST_HOST)";
				CODE_SIGN_STYLE = Automatic;
				CURRENT_PROJECT_VERSION = 1;
				DEVELOPMENT_TEAM = 9HCRY829GD;
				GENERATE_INFOPLIST_FILE = YES;
				IPHONEOS_DEPLOYMENT_TARGET = 17.0;
				MARKETING_VERSION = 1.0;
				PRODUCT_BUNDLE_IDENTIFIER = ZachVeenstra.SmartJournalTests;
				PRODUCT_NAME = "$(TARGET_NAME)";
				SWIFT_EMIT_LOC_STRINGS = NO;
				SWIFT_VERSION = 5.0;
				TARGETED_DEVICE_FAMILY = "1,2";
				TEST_HOST = "$(BUILT_PRODUCTS_DIR)/SmartJournal.app/$(BUNDLE_EXECUTABLE_FOLDER_PATH)/SmartJournal";
			};
			name = Release;
		};
		9286BFB32AF964E2005EB5EB /* Debug */ = {
			isa = XCBuildConfiguration;
			buildSettings = {
				ALWAYS_EMBED_SWIFT_STANDARD_LIBRARIES = YES;
				CODE_SIGN_STYLE = Automatic;
				CURRENT_PROJECT_VERSION = 1;
				DEVELOPMENT_TEAM = 9HCRY829GD;
				GENERATE_INFOPLIST_FILE = YES;
				MARKETING_VERSION = 1.0;
				PRODUCT_BUNDLE_IDENTIFIER = ZachVeenstra.SmartJournalUITests;
				PRODUCT_NAME = "$(TARGET_NAME)";
				SWIFT_EMIT_LOC_STRINGS = NO;
				SWIFT_VERSION = 5.0;
				TARGETED_DEVICE_FAMILY = "1,2";
				TEST_TARGET_NAME = SmartJournal;
			};
			name = Debug;
		};
		9286BFB42AF964E2005EB5EB /* Release */ = {
			isa = XCBuildConfiguration;
			buildSettings = {
				ALWAYS_EMBED_SWIFT_STANDARD_LIBRARIES = YES;
				CODE_SIGN_STYLE = Automatic;
				CURRENT_PROJECT_VERSION = 1;
				DEVELOPMENT_TEAM = 9HCRY829GD;
				GENERATE_INFOPLIST_FILE = YES;
				MARKETING_VERSION = 1.0;
				PRODUCT_BUNDLE_IDENTIFIER = ZachVeenstra.SmartJournalUITests;
				PRODUCT_NAME = "$(TARGET_NAME)";
				SWIFT_EMIT_LOC_STRINGS = NO;
				SWIFT_VERSION = 5.0;
				TARGETED_DEVICE_FAMILY = "1,2";
				TEST_TARGET_NAME = SmartJournal;
			};
			name = Release;
		};
/* End XCBuildConfiguration section */

/* Begin XCConfigurationList section */
		9286BF832AF964DE005EB5EB /* Build configuration list for PBXProject "SmartJournal" */ = {
			isa = XCConfigurationList;
			buildConfigurations = (
				9286BFAA2AF964E2005EB5EB /* Debug */,
				9286BFAB2AF964E2005EB5EB /* Release */,
			);
			defaultConfigurationIsVisible = 0;
			defaultConfigurationName = Release;
		};
		9286BFAC2AF964E2005EB5EB /* Build configuration list for PBXNativeTarget "SmartJournal" */ = {
			isa = XCConfigurationList;
			buildConfigurations = (
				9286BFAD2AF964E2005EB5EB /* Debug */,
				9286BFAE2AF964E2005EB5EB /* Release */,
			);
			defaultConfigurationIsVisible = 0;
			defaultConfigurationName = Release;
		};
		9286BFAF2AF964E2005EB5EB /* Build configuration list for PBXNativeTarget "SmartJournalTests" */ = {
			isa = XCConfigurationList;
			buildConfigurations = (
				9286BFB02AF964E2005EB5EB /* Debug */,
				9286BFB12AF964E2005EB5EB /* Release */,
			);
			defaultConfigurationIsVisible = 0;
			defaultConfigurationName = Release;
		};
		9286BFB22AF964E2005EB5EB /* Build configuration list for PBXNativeTarget "SmartJournalUITests" */ = {
			isa = XCConfigurationList;
			buildConfigurations = (
				9286BFB32AF964E2005EB5EB /* Debug */,
				9286BFB42AF964E2005EB5EB /* Release */,
			);
			defaultConfigurationIsVisible = 0;
			defaultConfigurationName = Release;
		};
/* End XCConfigurationList section */

/* Begin XCRemoteSwiftPackageReference section */
		96CB51E12B1D3C6500114F0E /* XCRemoteSwiftPackageReference "firebase-ios-sdk" */ = {
			isa = XCRemoteSwiftPackageReference;
			repositoryURL = "https://github.com/firebase/firebase-ios-sdk";
			requirement = {
				kind = upToNextMajorVersion;
				minimumVersion = 10.18.0;
			};
		};
/* End XCRemoteSwiftPackageReference section */

/* Begin XCSwiftPackageProductDependency section */
		9633451C2B206C0C0081B0F2 /* FirebaseInstallations */ = {
			isa = XCSwiftPackageProductDependency;
			package = 96CB51E12B1D3C6500114F0E /* XCRemoteSwiftPackageReference "firebase-ios-sdk" */;
			productName = FirebaseInstallations;
		};
		9633451E2B206C220081B0F2 /* FirebaseDynamicLinks */ = {
			isa = XCSwiftPackageProductDependency;
			package = 96CB51E12B1D3C6500114F0E /* XCRemoteSwiftPackageReference "firebase-ios-sdk" */;
			productName = FirebaseDynamicLinks;
		};
		96CB51E62B1D3C6500114F0E /* FirebaseAuth */ = {
			isa = XCSwiftPackageProductDependency;
			package = 96CB51E12B1D3C6500114F0E /* XCRemoteSwiftPackageReference "firebase-ios-sdk" */;
			productName = FirebaseAuth;
		};
		96CB51E82B1D3C6500114F0E /* FirebaseDatabase */ = {
			isa = XCSwiftPackageProductDependency;
			package = 96CB51E12B1D3C6500114F0E /* XCRemoteSwiftPackageReference "firebase-ios-sdk" */;
			productName = FirebaseDatabase;
		};
		96CB51EA2B1D3C6500114F0E /* FirebaseDatabaseSwift */ = {
			isa = XCSwiftPackageProductDependency;
			package = 96CB51E12B1D3C6500114F0E /* XCRemoteSwiftPackageReference "firebase-ios-sdk" */;
			productName = FirebaseDatabaseSwift;
		};
		96CB51EE2B1D3C6500114F0E /* FirebaseFirestore */ = {
			isa = XCSwiftPackageProductDependency;
			package = 96CB51E12B1D3C6500114F0E /* XCRemoteSwiftPackageReference "firebase-ios-sdk" */;
			productName = FirebaseFirestore;
		};
		96CB51F02B1D3C6500114F0E /* FirebaseFirestoreSwift */ = {
			isa = XCSwiftPackageProductDependency;
			package = 96CB51E12B1D3C6500114F0E /* XCRemoteSwiftPackageReference "firebase-ios-sdk" */;
			productName = FirebaseFirestoreSwift;
		};
		96CB51F22B1D3C6500114F0E /* FirebaseFunctions */ = {
			isa = XCSwiftPackageProductDependency;
			package = 96CB51E12B1D3C6500114F0E /* XCRemoteSwiftPackageReference "firebase-ios-sdk" */;
			productName = FirebaseFunctions;
		};
		96CB51FA2B1D3C6500114F0E /* FirebaseMLModelDownloader */ = {
			isa = XCSwiftPackageProductDependency;
			package = 96CB51E12B1D3C6500114F0E /* XCRemoteSwiftPackageReference "firebase-ios-sdk" */;
			productName = FirebaseMLModelDownloader;
		};
		96CB52002B1D3C6500114F0E /* FirebaseStorage */ = {
			isa = XCSwiftPackageProductDependency;
			package = 96CB51E12B1D3C6500114F0E /* XCRemoteSwiftPackageReference "firebase-ios-sdk" */;
			productName = FirebaseStorage;
		};
		96CB52022B1D3C6500114F0E /* FirebaseStorageCombine-Community */ = {
			isa = XCSwiftPackageProductDependency;
			package = 96CB51E12B1D3C6500114F0E /* XCRemoteSwiftPackageReference "firebase-ios-sdk" */;
			productName = "FirebaseStorageCombine-Community";
		};
/* End XCSwiftPackageProductDependency section */
	};
	rootObject = 9286BF802AF964DE005EB5EB /* Project object */;
}
